{
  "requires": true,
  "lockfileVersion": 1,
  "dependencies": {
    "react-table": {
      "version": "7.0.0-rc.6",
      "resolved": "https://registry.npmjs.org/react-table/-/react-table-7.0.0-rc.6.tgz",
      "integrity": "sha512-iFgxMla6JnxjZwKG3eiHHOlIIANiK/HzvRFWXT8LV78N9bEOGC5A5N44S/xQ1PaZN/1c+NDBz5fBazhx/vG7/A=="
    }
  }
}
